
Microsoft Visual Studio Solution File, Format Version 12.00
# Visual Studio 14
VisualStudioVersion = 14.0.24720.0
MinimumVisualStudioVersion = 10.0.40219.1
Project("{2150E333-8FDC-42A3-9474-1A3956D46DE8}") = "src", "src", "{754A3217-208E-4C24-A820-64A58F4D2A09}"
EndProject
Project("{2150E333-8FDC-42A3-9474-1A3956D46DE8}") = "Solution Items", "Solution Items", "{D086A669-6537-4AC5-B4F7-2A35345C6B37}"
	ProjectSection(SolutionItems) = preProject
		global.json = global.json
		NuGet.Config = NuGet.Config
	EndProjectSection
EndProject
Project("{8BB2217D-0F2D-49D1-97BC-3654ED321F3B}") = "SSW.MusicStore.Data", "src\SSW.MusicStore.Data\SSW.MusicStore.Data.xproj", "{48ABB989-EA43-4C5E-91E5-ED12E302D628}"
EndProject
Project("{8BB2217D-0F2D-49D1-97BC-3654ED321F3B}") = "SSW.MusicStore.API", "src\SSW.MusicStore.API\SSW.MusicStore.API.xproj", "{1E7F35C7-AAA5-4B89-A8D0-D7A1BDAEDAE2}"
EndProject
Project("{2150E333-8FDC-42A3-9474-1A3956D46DE8}") = "10 API", "10 API", "{C728A4D4-B254-4306-9327-6C7F0E9BE682}"
EndProject
Project("{2150E333-8FDC-42A3-9474-1A3956D46DE8}") = "20 Business Interfaces", "20 Business Interfaces", "{D02B7CFB-B926-4BFE-8AD8-1BD5E61A1E8F}"
EndProject
Project("{2150E333-8FDC-42A3-9474-1A3956D46DE8}") = "30 Dependencies", "30 Dependencies", "{71263E6F-21BF-40F6-8264-F58B0E304A04}"
EndProject
Project("{8BB2217D-0F2D-49D1-97BC-3654ED321F3B}") = "SSW.MusicStore.BusinessLogic.Interfaces", "src\SSW.MusicStore.BusinessLogic.Interfaces\SSW.MusicStore.BusinessLogic.Interfaces.xproj", "{40AF456C-F8F8-4214-BDEA-C9D6FFF7F24E}"
EndProject
Project("{8BB2217D-0F2D-49D1-97BC-3654ED321F3B}") = "SSW.MusicStore.BusinessLogic", "src\SSW.MusicStore.BusinessLogic\SSW.MusicStore.BusinessLogic.xproj", "{2A3CFEC9-1A94-4EF0-A2CF-C597F2E01A69}"
EndProject
Global
	GlobalSection(SolutionConfigurationPlatforms) = preSolution
		Debug|Any CPU = Debug|Any CPU
		Release|Any CPU = Release|Any CPU
	EndGlobalSection
	GlobalSection(ProjectConfigurationPlatforms) = postSolution
		{48ABB989-EA43-4C5E-91E5-ED12E302D628}.Debug|Any CPU.ActiveCfg = Debug|Any CPU
		{48ABB989-EA43-4C5E-91E5-ED12E302D628}.Debug|Any CPU.Build.0 = Debug|Any CPU
		{48ABB989-EA43-4C5E-91E5-ED12E302D628}.Release|Any CPU.ActiveCfg = Release|Any CPU
		{48ABB989-EA43-4C5E-91E5-ED12E302D628}.Release|Any CPU.Build.0 = Release|Any CPU
		{1E7F35C7-AAA5-4B89-A8D0-D7A1BDAEDAE2}.Debug|Any CPU.ActiveCfg = Debug|Any CPU
		{1E7F35C7-AAA5-4B89-A8D0-D7A1BDAEDAE2}.Debug|Any CPU.Build.0 = Debug|Any CPU
		{1E7F35C7-AAA5-4B89-A8D0-D7A1BDAEDAE2}.Release|Any CPU.ActiveCfg = Release|Any CPU
		{1E7F35C7-AAA5-4B89-A8D0-D7A1BDAEDAE2}.Release|Any CPU.Build.0 = Release|Any CPU
		{40AF456C-F8F8-4214-BDEA-C9D6FFF7F24E}.Debug|Any CPU.ActiveCfg = Debug|Any CPU
		{40AF456C-F8F8-4214-BDEA-C9D6FFF7F24E}.Debug|Any CPU.Build.0 = Debug|Any CPU
		{40AF456C-F8F8-4214-BDEA-C9D6FFF7F24E}.Release|Any CPU.ActiveCfg = Release|Any CPU
		{40AF456C-F8F8-4214-BDEA-C9D6FFF7F24E}.Release|Any CPU.Build.0 = Release|Any CPU
		{2A3CFEC9-1A94-4EF0-A2CF-C597F2E01A69}.Debug|Any CPU.ActiveCfg = Debug|Any CPU
		{2A3CFEC9-1A94-4EF0-A2CF-C597F2E01A69}.Debug|Any CPU.Build.0 = Debug|Any CPU
		{2A3CFEC9-1A94-4EF0-A2CF-C597F2E01A69}.Release|Any CPU.ActiveCfg = Release|Any CPU
		{2A3CFEC9-1A94-4EF0-A2CF-C597F2E01A69}.Release|Any CPU.Build.0 = Release|Any CPU
	EndGlobalSection
	GlobalSection(SolutionProperties) = preSolution
		HideSolutionNode = FALSE
	EndGlobalSection
	GlobalSection(NestedProjects) = preSolution
		{754A3217-208E-4C24-A820-64A58F4D2A09} = {D086A669-6537-4AC5-B4F7-2A35345C6B37}
		{48ABB989-EA43-4C5E-91E5-ED12E302D628} = {71263E6F-21BF-40F6-8264-F58B0E304A04}
		{1E7F35C7-AAA5-4B89-A8D0-D7A1BDAEDAE2} = {C728A4D4-B254-4306-9327-6C7F0E9BE682}
		{C728A4D4-B254-4306-9327-6C7F0E9BE682} = {754A3217-208E-4C24-A820-64A58F4D2A09}
		{D02B7CFB-B926-4BFE-8AD8-1BD5E61A1E8F} = {754A3217-208E-4C24-A820-64A58F4D2A09}
		{71263E6F-21BF-40F6-8264-F58B0E304A04} = {754A3217-208E-4C24-A820-64A58F4D2A09}
		{40AF456C-F8F8-4214-BDEA-C9D6FFF7F24E} = {D02B7CFB-B926-4BFE-8AD8-1BD5E61A1E8F}
		{2A3CFEC9-1A94-4EF0-A2CF-C597F2E01A69} = {71263E6F-21BF-40F6-8264-F58B0E304A04}
	EndGlobalSection
EndGlobal
